
Microsoft Visual Studio Solution File, Format Version 12.00
# Visual Studio 15
Project("{FAE04EC0-301F-11D3-BF4B-00C04F79EFBC}") = "Unity.Timeline", "Unity.Timeline.csproj", "{A616CE35-E1CB-5E81-8E8D-36F5A7DE093A}"
EndProject
Project("{FAE04EC0-301F-11D3-BF4B-00C04F79EFBC}") = "Unity.VisualScripting.Flow", "Unity.VisualScripting.Flow.csproj", "{E002F4D3-1AC9-982C-1727-D6185510A221}"
EndProject
Project("{FAE04EC0-301F-11D3-BF4B-00C04F79EFBC}") = "Unity.Timeline.Editor", "Unity.Timeline.Editor.csproj", "{DE9A53E4-C920-26B8-DCF0-DE6861D5BAA4}"
EndProject
Project("{FAE04EC0-301F-11D3-BF4B-00C04F79EFBC}") = "Unity.PlasticSCM.Editor", "Unity.PlasticSCM.Editor.csproj", "{22EA593C-B152-E3C3-65EC-AC8F99AB3EAA}"
EndProject
Project("{FAE04EC0-301F-11D3-BF4B-00C04F79EFBC}") = "Unity.VisualScripting.Core.Editor", "Unity.VisualScripting.Core.Editor.csproj", "{90CA3A42-F18E-4B94-D16C-025B8A6F1629}"
EndProject
Project("{FAE04EC0-301F-11D3-BF4B-00C04F79EFBC}") = "UnityEngine.UI", "UnityEngine.UI.csproj", "{EA7219A9-CE66-104F-5653-8053DFEE2304}"
EndProject
Project("{FAE04EC0-301F-11D3-BF4B-00C04F79EFBC}") = "UnityEditor.TestRunner", "UnityEditor.TestRunner.csproj", "{3EF7880A-7F2A-3F78-7E8D-8381916DD3D3}"
EndProject
Project("{FAE04EC0-301F-11D3-BF4B-00C04F79EFBC}") = "UnityEngine.TestRunner", "UnityEngine.TestRunner.csproj", "{EA0AC0BF-E0F4-4DBD-E045-8CC69C30943F}"
EndProject
Project("{FAE04EC0-301F-11D3-BF4B-00C04F79EFBC}") = "Unity.VisualScripting.Core", "Unity.VisualScripting.Core.csproj", "{D825C939-FCCB-D122-7642-584E11A00969}"
EndProject
Project("{FAE04EC0-301F-11D3-BF4B-00C04F79EFBC}") = "Unity.VisualScripting.Flow.Editor", "Unity.VisualScripting.Flow.Editor.csproj", "{2272FDCE-63E3-983A-641B-6B326223461B}"
EndProject
Project("{FAE04EC0-301F-11D3-BF4B-00C04F79EFBC}") = "Cinemachine", "Cinemachine.csproj", "{3F37A2D7-5BD9-0B6D-120F-932B93CC8748}"
EndProject
Project("{FAE04EC0-301F-11D3-BF4B-00C04F79EFBC}") = "Unity.VisualStudio.Editor", "Unity.VisualStudio.Editor.csproj", "{7C6CACC2-788B-83FB-363E-58E8B3F837BD}"
EndProject
Project("{FAE04EC0-301F-11D3-BF4B-00C04F79EFBC}") = "Unity.TextMeshPro.Editor", "Unity.TextMeshPro.Editor.csproj", "{9B9E9D9A-E362-7E59-7E03-6E42B69C575D}"
EndProject
Project("{FAE04EC0-301F-11D3-BF4B-00C04F79EFBC}") = "Unity.VisualScripting.State.Editor", "Unity.VisualScripting.State.Editor.csproj", "{110B3DC4-1756-6DE3-4A61-0EE82B527D46}"
EndProject
Project("{FAE04EC0-301F-11D3-BF4B-00C04F79EFBC}") = "com.unity.cinemachine.editor", "com.unity.cinemachine.editor.csproj", "{8490C0BD-1D88-67D9-1AB6-FB788080403E}"
EndProject
Project("{FAE04EC0-301F-11D3-BF4B-00C04F79EFBC}") = "Unity.Postprocessing.Runtime", "Unity.Postprocessing.Runtime.csproj", "{C549ACD7-BBDC-7804-E33F-FC727613F120}"
EndProject
Project("{FAE04EC0-301F-11D3-BF4B-00C04F79EFBC}") = "Unity.Postprocessing.Editor", "Unity.Postprocessing.Editor.csproj", "{A74FAAA3-D2DC-C48E-CC4A-A2D1AEB702C5}"
EndProject
Project("{FAE04EC0-301F-11D3-BF4B-00C04F79EFBC}") = "Unity.VisualScripting.State", "Unity.VisualScripting.State.csproj", "{A0D06F1F-83A4-111F-DEC7-4BB48EB5D926}"
EndProject
Project("{FAE04EC0-301F-11D3-BF4B-00C04F79EFBC}") = "UnityEditor.UI", "UnityEditor.UI.csproj", "{372D33D5-03B4-E15B-37D6-5D0D19F54654}"
EndProject
Project("{FAE04EC0-301F-11D3-BF4B-00C04F79EFBC}") = "Unity.TextMeshPro", "Unity.TextMeshPro.csproj", "{246F277A-F50D-E741-2E59-F6B6CC751DCF}"
EndProject
Project("{FAE04EC0-301F-11D3-BF4B-00C04F79EFBC}") = "Unity.VisualScripting.SettingsProvider.Editor", "Unity.VisualScripting.SettingsProvider.Editor.csproj", "{4CB6A215-491B-D334-4050-CF9D26F67966}"
EndProject
Project("{FAE04EC0-301F-11D3-BF4B-00C04F79EFBC}") = "Unity.VSCode.Editor", "Unity.VSCode.Editor.csproj", "{A4F36201-919A-0025-1200-42BA4524EAE7}"
EndProject
Project("{FAE04EC0-301F-11D3-BF4B-00C04F79EFBC}") = "Assembly-CSharp", "Assembly-CSharp.csproj", "{75E6E802-867A-78F7-46B3-55002F6A115F}"
EndProject
Project("{FAE04EC0-301F-11D3-BF4B-00C04F79EFBC}") = "Unity.2D.Sprite.Editor", "Unity.2D.Sprite.Editor.csproj", "{4A1C3E87-DA38-CDD5-76B0-C833BF737206}"
EndProject
Project("{FAE04EC0-301F-11D3-BF4B-00C04F79EFBC}") = "Unity.VisualScripting.Shared.Editor", "Unity.VisualScripting.Shared.Editor.csproj", "{E14BA522-8B7D-DAAE-7775-1CE60215F018}"
EndProject
Project("{FAE04EC0-301F-11D3-BF4B-00C04F79EFBC}") = "Assembly-CSharp-Editor", "Assembly-CSharp-Editor.csproj", "{196A0D17-8552-1A44-AD16-765A45017126}"
EndProject
Project("{FAE04EC0-301F-11D3-BF4B-00C04F79EFBC}") = "Unity.CollabProxy.Editor", "Unity.CollabProxy.Editor.csproj", "{7C85ECC3-FF33-D7E9-A7EC-47247605EF34}"
EndProject
Project("{FAE04EC0-301F-11D3-BF4B-00C04F79EFBC}") = "Unity.Timeline", "Unity.Timeline.Player.csproj", "{B5EABC72-8C73-A39A-1341-A01419EF7B87}"
EndProject
Project("{FAE04EC0-301F-11D3-BF4B-00C04F79EFBC}") = "Unity.VisualScripting.Flow", "Unity.VisualScripting.Flow.Player.csproj", "{943A4DC7-8D1E-67B5-B468-93EFAF72E3C4}"
EndProject
Project("{FAE04EC0-301F-11D3-BF4B-00C04F79EFBC}") = "UnityEngine.UI", "UnityEngine.UI.Player.csproj", "{22B16A1F-C8C0-4C50-2EF3-6F6521C113FA}"
EndProject
Project("{FAE04EC0-301F-11D3-BF4B-00C04F79EFBC}") = "UnityEngine.TestRunner", "UnityEngine.TestRunner.Player.csproj", "{B8A7793F-A517-9871-E0F7-99A0CE46EE0C}"
EndProject
Project("{FAE04EC0-301F-11D3-BF4B-00C04F79EFBC}") = "Unity.VisualScripting.Core", "Unity.VisualScripting.Core.Player.csproj", "{12F07148-0409-2942-EF01-45A0F34A102D}"
EndProject
Project("{FAE04EC0-301F-11D3-BF4B-00C04F79EFBC}") = "Cinemachine", "Cinemachine.Player.csproj", "{F9F89CCD-9C69-4005-8C13-911403D96249}"
EndProject
Project("{FAE04EC0-301F-11D3-BF4B-00C04F79EFBC}") = "Unity.Postprocessing.Runtime", "Unity.Postprocessing.Runtime.Player.csproj", "{C1C2B1A7-CD14-2492-B38E-0DF4966E9FE8}"
EndProject
Project("{FAE04EC0-301F-11D3-BF4B-00C04F79EFBC}") = "Unity.VisualScripting.State", "Unity.VisualScripting.State.Player.csproj", "{08CC6A2C-50F4-A038-5B7E-1083165BF70D}"
EndProject
Project("{FAE04EC0-301F-11D3-BF4B-00C04F79EFBC}") = "Unity.TextMeshPro", "Unity.TextMeshPro.Player.csproj", "{145CAC31-A4F8-9294-CB41-382AB0B7DBD8}"
EndProject
Project("{FAE04EC0-301F-11D3-BF4B-00C04F79EFBC}") = "Assembly-CSharp", "Assembly-CSharp.Player.csproj", "{6F7632BA-8316-3BC3-1991-9F016D6BDCA7}"
EndProject
Global
	GlobalSection(SolutionConfigurationPlatforms) = preSolution
		Debug|Any CPU = Debug|Any CPU
		Release|Any CPU = Release|Any CPU
	EndGlobalSection
	GlobalSection(ProjectConfigurationPlatforms) = postSolution
		{A616CE35-E1CB-5E81-8E8D-36F5A7DE093A}.Debug|Any CPU.ActiveCfg = Debug|Any CPU
		{A616CE35-E1CB-5E81-8E8D-36F5A7DE093A}.Debug|Any CPU.Build.0 = Debug|Any CPU
		{A616CE35-E1CB-5E81-8E8D-36F5A7DE093A}.Release|Any CPU.ActiveCfg = Release|Any CPU
		{A616CE35-E1CB-5E81-8E8D-36F5A7DE093A}.Release|Any CPU.Build.0 = Release|Any CPU
		{E002F4D3-1AC9-982C-1727-D6185510A221}.Debug|Any CPU.ActiveCfg = Debug|Any CPU
		{E002F4D3-1AC9-982C-1727-D6185510A221}.Debug|Any CPU.Build.0 = Debug|Any CPU
		{E002F4D3-1AC9-982C-1727-D6185510A221}.Release|Any CPU.ActiveCfg = Release|Any CPU
		{E002F4D3-1AC9-982C-1727-D6185510A221}.Release|Any CPU.Build.0 = Release|Any CPU
		{DE9A53E4-C920-26B8-DCF0-DE6861D5BAA4}.Debug|Any CPU.ActiveCfg = Debug|Any CPU
		{DE9A53E4-C920-26B8-DCF0-DE6861D5BAA4}.Debug|Any CPU.Build.0 = Debug|Any CPU
		{DE9A53E4-C920-26B8-DCF0-DE6861D5BAA4}.Release|Any CPU.ActiveCfg = Release|Any CPU
		{DE9A53E4-C920-26B8-DCF0-DE6861D5BAA4}.Release|Any CPU.Build.0 = Release|Any CPU
		{22EA593C-B152-E3C3-65EC-AC8F99AB3EAA}.Debug|Any CPU.ActiveCfg = Debug|Any CPU
		{22EA593C-B152-E3C3-65EC-AC8F99AB3EAA}.Debug|Any CPU.Build.0 = Debug|Any CPU
		{22EA593C-B152-E3C3-65EC-AC8F99AB3EAA}.Release|Any CPU.ActiveCfg = Release|Any CPU
		{22EA593C-B152-E3C3-65EC-AC8F99AB3EAA}.Release|Any CPU.Build.0 = Release|Any CPU
		{90CA3A42-F18E-4B94-D16C-025B8A6F1629}.Debug|Any CPU.ActiveCfg = Debug|Any CPU
		{90CA3A42-F18E-4B94-D16C-025B8A6F1629}.Debug|Any CPU.Build.0 = Debug|Any CPU
		{90CA3A42-F18E-4B94-D16C-025B8A6F1629}.Release|Any CPU.ActiveCfg = Release|Any CPU
		{90CA3A42-F18E-4B94-D16C-025B8A6F1629}.Release|Any CPU.Build.0 = Release|Any CPU
		{EA7219A9-CE66-104F-5653-8053DFEE2304}.Debug|Any CPU.ActiveCfg = Debug|Any CPU
		{EA7219A9-CE66-104F-5653-8053DFEE2304}.Debug|Any CPU.Build.0 = Debug|Any CPU
		{EA7219A9-CE66-104F-5653-8053DFEE2304}.Release|Any CPU.ActiveCfg = Release|Any CPU
		{EA7219A9-CE66-104F-5653-8053DFEE2304}.Release|Any CPU.Build.0 = Release|Any CPU
		{3EF7880A-7F2A-3F78-7E8D-8381916DD3D3}.Debug|Any CPU.ActiveCfg = Debug|Any CPU
		{3EF7880A-7F2A-3F78-7E8D-8381916DD3D3}.Debug|Any CPU.Build.0 = Debug|Any CPU
		{3EF7880A-7F2A-3F78-7E8D-8381916DD3D3}.Release|Any CPU.ActiveCfg = Release|Any CPU
		{3EF7880A-7F2A-3F78-7E8D-8381916DD3D3}.Release|Any CPU.Build.0 = Release|Any CPU
		{EA0AC0BF-E0F4-4DBD-E045-8CC69C30943F}.Debug|Any CPU.ActiveCfg = Debug|Any CPU
		{EA0AC0BF-E0F4-4DBD-E045-8CC69C30943F}.Debug|Any CPU.Build.0 = Debug|Any CPU
		{EA0AC0BF-E0F4-4DBD-E045-8CC69C30943F}.Release|Any CPU.ActiveCfg = Release|Any CPU
		{EA0AC0BF-E0F4-4DBD-E045-8CC69C30943F}.Release|Any CPU.Build.0 = Release|Any CPU
		{D825C939-FCCB-D122-7642-584E11A00969}.Debug|Any CPU.ActiveCfg = Debug|Any CPU
		{D825C939-FCCB-D122-7642-584E11A00969}.Debug|Any CPU.Build.0 = Debug|Any CPU
		{D825C939-FCCB-D122-7642-584E11A00969}.Release|Any CPU.ActiveCfg = Release|Any CPU
		{D825C939-FCCB-D122-7642-584E11A00969}.Release|Any CPU.Build.0 = Release|Any CPU
		{2272FDCE-63E3-983A-641B-6B326223461B}.Debug|Any CPU.ActiveCfg = Debug|Any CPU
		{2272FDCE-63E3-983A-641B-6B326223461B}.Debug|Any CPU.Build.0 = Debug|Any CPU
		{2272FDCE-63E3-983A-641B-6B326223461B}.Release|Any CPU.ActiveCfg = Release|Any CPU
		{2272FDCE-63E3-983A-641B-6B326223461B}.Release|Any CPU.Build.0 = Release|Any CPU
		{3F37A2D7-5BD9-0B6D-120F-932B93CC8748}.Debug|Any CPU.ActiveCfg = Debug|Any CPU
		{3F37A2D7-5BD9-0B6D-120F-932B93CC8748}.Debug|Any CPU.Build.0 = Debug|Any CPU
		{3F37A2D7-5BD9-0B6D-120F-932B93CC8748}.Release|Any CPU.ActiveCfg = Release|Any CPU
		{3F37A2D7-5BD9-0B6D-120F-932B93CC8748}.Release|Any CPU.Build.0 = Release|Any CPU
		{7C6CACC2-788B-83FB-363E-58E8B3F837BD}.Debug|Any CPU.ActiveCfg = Debug|Any CPU
		{7C6CACC2-788B-83FB-363E-58E8B3F837BD}.Debug|Any CPU.Build.0 = Debug|Any CPU
		{7C6CACC2-788B-83FB-363E-58E8B3F837BD}.Release|Any CPU.ActiveCfg = Release|Any CPU
		{7C6CACC2-788B-83FB-363E-58E8B3F837BD}.Release|Any CPU.Build.0 = Release|Any CPU
		{9B9E9D9A-E362-7E59-7E03-6E42B69C575D}.Debug|Any CPU.ActiveCfg = Debug|Any CPU
		{9B9E9D9A-E362-7E59-7E03-6E42B69C575D}.Debug|Any CPU.Build.0 = Debug|Any CPU
		{9B9E9D9A-E362-7E59-7E03-6E42B69C575D}.Release|Any CPU.ActiveCfg = Release|Any CPU
		{9B9E9D9A-E362-7E59-7E03-6E42B69C575D}.Release|Any CPU.Build.0 = Release|Any CPU
		{110B3DC4-1756-6DE3-4A61-0EE82B527D46}.Debug|Any CPU.ActiveCfg = Debug|Any CPU
		{110B3DC4-1756-6DE3-4A61-0EE82B527D46}.Debug|Any CPU.Build.0 = Debug|Any CPU
		{110B3DC4-1756-6DE3-4A61-0EE82B527D46}.Release|Any CPU.ActiveCfg = Release|Any CPU
		{110B3DC4-1756-6DE3-4A61-0EE82B527D46}.Release|Any CPU.Build.0 = Release|Any CPU
		{8490C0BD-1D88-67D9-1AB6-FB788080403E}.Debug|Any CPU.ActiveCfg = Debug|Any CPU
		{8490C0BD-1D88-67D9-1AB6-FB788080403E}.Debug|Any CPU.Build.0 = Debug|Any CPU
		{8490C0BD-1D88-67D9-1AB6-FB788080403E}.Release|Any CPU.ActiveCfg = Release|Any CPU
		{8490C0BD-1D88-67D9-1AB6-FB788080403E}.Release|Any CPU.Build.0 = Release|Any CPU
		{C549ACD7-BBDC-7804-E33F-FC727613F120}.Debug|Any CPU.ActiveCfg = Debug|Any CPU
		{C549ACD7-BBDC-7804-E33F-FC727613F120}.Debug|Any CPU.Build.0 = Debug|Any CPU
		{C549ACD7-BBDC-7804-E33F-FC727613F120}.Release|Any CPU.ActiveCfg = Release|Any CPU
		{C549ACD7-BBDC-7804-E33F-FC727613F120}.Release|Any CPU.Build.0 = Release|Any CPU
		{A74FAAA3-D2DC-C48E-CC4A-A2D1AEB702C5}.Debug|Any CPU.ActiveCfg = Debug|Any CPU
		{A74FAAA3-D2DC-C48E-CC4A-A2D1AEB702C5}.Debug|Any CPU.Build.0 = Debug|Any CPU
		{A74FAAA3-D2DC-C48E-CC4A-A2D1AEB702C5}.Release|Any CPU.ActiveCfg = Release|Any CPU
		{A74FAAA3-D2DC-C48E-CC4A-A2D1AEB702C5}.Release|Any CPU.Build.0 = Release|Any CPU
		{A0D06F1F-83A4-111F-DEC7-4BB48EB5D926}.Debug|Any CPU.ActiveCfg = Debug|Any CPU
		{A0D06F1F-83A4-111F-DEC7-4BB48EB5D926}.Debug|Any CPU.Build.0 = Debug|Any CPU
		{A0D06F1F-83A4-111F-DEC7-4BB48EB5D926}.Release|Any CPU.ActiveCfg = Release|Any CPU
		{A0D06F1F-83A4-111F-DEC7-4BB48EB5D926}.Release|Any CPU.Build.0 = Release|Any CPU
		{372D33D5-03B4-E15B-37D6-5D0D19F54654}.Debug|Any CPU.ActiveCfg = Debug|Any CPU
		{372D33D5-03B4-E15B-37D6-5D0D19F54654}.Debug|Any CPU.Build.0 = Debug|Any CPU
		{372D33D5-03B4-E15B-37D6-5D0D19F54654}.Release|Any CPU.ActiveCfg = Release|Any CPU
		{372D33D5-03B4-E15B-37D6-5D0D19F54654}.Release|Any CPU.Build.0 = Release|Any CPU
		{246F277A-F50D-E741-2E59-F6B6CC751DCF}.Debug|Any CPU.ActiveCfg = Debug|Any CPU
		{246F277A-F50D-E741-2E59-F6B6CC751DCF}.Debug|Any CPU.Build.0 = Debug|Any CPU
		{246F277A-F50D-E741-2E59-F6B6CC751DCF}.Release|Any CPU.ActiveCfg = Release|Any CPU
		{246F277A-F50D-E741-2E59-F6B6CC751DCF}.Release|Any CPU.Build.0 = Release|Any CPU
		{4CB6A215-491B-D334-4050-CF9D26F67966}.Debug|Any CPU.ActiveCfg = Debug|Any CPU
		{4CB6A215-491B-D334-4050-CF9D26F67966}.Debug|Any CPU.Build.0 = Debug|Any CPU
		{4CB6A215-491B-D334-4050-CF9D26F67966}.Release|Any CPU.ActiveCfg = Release|Any CPU
		{4CB6A215-491B-D334-4050-CF9D26F67966}.Release|Any CPU.Build.0 = Release|Any CPU
		{A4F36201-919A-0025-1200-42BA4524EAE7}.Debug|Any CPU.ActiveCfg = Debug|Any CPU
		{A4F36201-919A-0025-1200-42BA4524EAE7}.Debug|Any CPU.Build.0 = Debug|Any CPU
		{A4F36201-919A-0025-1200-42BA4524EAE7}.Release|Any CPU.ActiveCfg = Release|Any CPU
		{A4F36201-919A-0025-1200-42BA4524EAE7}.Release|Any CPU.Build.0 = Release|Any CPU
		{75E6E802-867A-78F7-46B3-55002F6A115F}.Debug|Any CPU.ActiveCfg = Debug|Any CPU
		{75E6E802-867A-78F7-46B3-55002F6A115F}.Debug|Any CPU.Build.0 = Debug|Any CPU
		{75E6E802-867A-78F7-46B3-55002F6A115F}.Release|Any CPU.ActiveCfg = Release|Any CPU
		{75E6E802-867A-78F7-46B3-55002F6A115F}.Release|Any CPU.Build.0 = Release|Any CPU
		{4A1C3E87-DA38-CDD5-76B0-C833BF737206}.Debug|Any CPU.ActiveCfg = Debug|Any CPU
		{4A1C3E87-DA38-CDD5-76B0-C833BF737206}.Debug|Any CPU.Build.0 = Debug|Any CPU
		{4A1C3E87-DA38-CDD5-76B0-C833BF737206}.Release|Any CPU.ActiveCfg = Release|Any CPU
		{4A1C3E87-DA38-CDD5-76B0-C833BF737206}.Release|Any CPU.Build.0 = Release|Any CPU
		{E14BA522-8B7D-DAAE-7775-1CE60215F018}.Debug|Any CPU.ActiveCfg = Debug|Any CPU
		{E14BA522-8B7D-DAAE-7775-1CE60215F018}.Debug|Any CPU.Build.0 = Debug|Any CPU
		{E14BA522-8B7D-DAAE-7775-1CE60215F018}.Release|Any CPU.ActiveCfg = Release|Any CPU
		{E14BA522-8B7D-DAAE-7775-1CE60215F018}.Release|Any CPU.Build.0 = Release|Any CPU
		{196A0D17-8552-1A44-AD16-765A45017126}.Debug|Any CPU.ActiveCfg = Debug|Any CPU
		{196A0D17-8552-1A44-AD16-765A45017126}.Debug|Any CPU.Build.0 = Debug|Any CPU
		{196A0D17-8552-1A44-AD16-765A45017126}.Release|Any CPU.ActiveCfg = Release|Any CPU
		{196A0D17-8552-1A44-AD16-765A45017126}.Release|Any CPU.Build.0 = Release|Any CPU
		{7C85ECC3-FF33-D7E9-A7EC-47247605EF34}.Debug|Any CPU.ActiveCfg = Debug|Any CPU
		{7C85ECC3-FF33-D7E9-A7EC-47247605EF34}.Debug|Any CPU.Build.0 = Debug|Any CPU
		{7C85ECC3-FF33-D7E9-A7EC-47247605EF34}.Release|Any CPU.ActiveCfg = Release|Any CPU
		{7C85ECC3-FF33-D7E9-A7EC-47247605EF34}.Release|Any CPU.Build.0 = Release|Any CPU
		{B5EABC72-8C73-A39A-1341-A01419EF7B87}.Debug|Any CPU.ActiveCfg = Debug|Any CPU
		{B5EABC72-8C73-A39A-1341-A01419EF7B87}.Debug|Any CPU.Build.0 = Debug|Any CPU
		{B5EABC72-8C73-A39A-1341-A01419EF7B87}.Release|Any CPU.ActiveCfg = Release|Any CPU
		{B5EABC72-8C73-A39A-1341-A01419EF7B87}.Release|Any CPU.Build.0 = Release|Any CPU
		{943A4DC7-8D1E-67B5-B468-93EFAF72E3C4}.Debug|Any CPU.ActiveCfg = Debug|Any CPU
		{943A4DC7-8D1E-67B5-B468-93EFAF72E3C4}.Debug|Any CPU.Build.0 = Debug|Any CPU
		{943A4DC7-8D1E-67B5-B468-93EFAF72E3C4}.Release|Any CPU.ActiveCfg = Release|Any CPU
		{943A4DC7-8D1E-67B5-B468-93EFAF72E3C4}.Release|Any CPU.Build.0 = Release|Any CPU
		{22B16A1F-C8C0-4C50-2EF3-6F6521C113FA}.Debug|Any CPU.ActiveCfg = Debug|Any CPU
		{22B16A1F-C8C0-4C50-2EF3-6F6521C113FA}.Debug|Any CPU.Build.0 = Debug|Any CPU
		{22B16A1F-C8C0-4C50-2EF3-6F6521C113FA}.Release|Any CPU.ActiveCfg = Release|Any CPU
		{22B16A1F-C8C0-4C50-2EF3-6F6521C113FA}.Release|Any CPU.Build.0 = Release|Any CPU
		{B8A7793F-A517-9871-E0F7-99A0CE46EE0C}.Debug|Any CPU.ActiveCfg = Debug|Any CPU
		{B8A7793F-A517-9871-E0F7-99A0CE46EE0C}.Debug|Any CPU.Build.0 = Debug|Any CPU
		{B8A7793F-A517-9871-E0F7-99A0CE46EE0C}.Release|Any CPU.ActiveCfg = Release|Any CPU
		{B8A7793F-A517-9871-E0F7-99A0CE46EE0C}.Release|Any CPU.Build.0 = Release|Any CPU
		{12F07148-0409-2942-EF01-45A0F34A102D}.Debug|Any CPU.ActiveCfg = Debug|Any CPU
		{12F07148-0409-2942-EF01-45A0F34A102D}.Debug|Any CPU.Build.0 = Debug|Any CPU
		{12F07148-0409-2942-EF01-45A0F34A102D}.Release|Any CPU.ActiveCfg = Release|Any CPU
		{12F07148-0409-2942-EF01-45A0F34A102D}.Release|Any CPU.Build.0 = Release|Any CPU
		{F9F89CCD-9C69-4005-8C13-911403D96249}.Debug|Any CPU.ActiveCfg = Debug|Any CPU
		{F9F89CCD-9C69-4005-8C13-911403D96249}.Debug|Any CPU.Build.0 = Debug|Any CPU
		{F9F89CCD-9C69-4005-8C13-911403D96249}.Release|Any CPU.ActiveCfg = Release|Any CPU
		{F9F89CCD-9C69-4005-8C13-911403D96249}.Release|Any CPU.Build.0 = Release|Any CPU
		{C1C2B1A7-CD14-2492-B38E-0DF4966E9FE8}.Debug|Any CPU.ActiveCfg = Debug|Any CPU
		{C1C2B1A7-CD14-2492-B38E-0DF4966E9FE8}.Debug|Any CPU.Build.0 = Debug|Any CPU
		{C1C2B1A7-CD14-2492-B38E-0DF4966E9FE8}.Release|Any CPU.ActiveCfg = Release|Any CPU
		{C1C2B1A7-CD14-2492-B38E-0DF4966E9FE8}.Release|Any CPU.Build.0 = Release|Any CPU
		{08CC6A2C-50F4-A038-5B7E-1083165BF70D}.Debug|Any CPU.ActiveCfg = Debug|Any CPU
		{08CC6A2C-50F4-A038-5B7E-1083165BF70D}.Debug|Any CPU.Build.0 = Debug|Any CPU
		{08CC6A2C-50F4-A038-5B7E-1083165BF70D}.Release|Any CPU.ActiveCfg = Release|Any CPU
		{08CC6A2C-50F4-A038-5B7E-1083165BF70D}.Release|Any CPU.Build.0 = Release|Any CPU
		{145CAC31-A4F8-9294-CB41-382AB0B7DBD8}.Debug|Any CPU.ActiveCfg = Debug|Any CPU
		{145CAC31-A4F8-9294-CB41-382AB0B7DBD8}.Debug|Any CPU.Build.0 = Debug|Any CPU
		{145CAC31-A4F8-9294-CB41-382AB0B7DBD8}.Release|Any CPU.ActiveCfg = Release|Any CPU
		{145CAC31-A4F8-9294-CB41-382AB0B7DBD8}.Release|Any CPU.Build.0 = Release|Any CPU
		{6F7632BA-8316-3BC3-1991-9F016D6BDCA7}.Debug|Any CPU.ActiveCfg = Debug|Any CPU
		{6F7632BA-8316-3BC3-1991-9F016D6BDCA7}.Debug|Any CPU.Build.0 = Debug|Any CPU
		{6F7632BA-8316-3BC3-1991-9F016D6BDCA7}.Release|Any CPU.ActiveCfg = Release|Any CPU
		{6F7632BA-8316-3BC3-1991-9F016D6BDCA7}.Release|Any CPU.Build.0 = Release|Any CPU
	EndGlobalSection
	GlobalSection(SolutionProperties) = preSolution
		HideSolutionNode = FALSE
	EndGlobalSection
EndGlobal
